
Microsoft Visual Studio Solution File, Format Version 12.00
# Visual Studio Version 16
VisualStudioVersion = 16.0.31729.503
MinimumVisualStudioVersion = 10.0.40219.1
Project("{FAE04EC0-301F-11D3-BF4B-00C04F79EFBC}") = "Summator-Project", "Summator-Project\Summator-Project.csproj", "{294EEC5A-3B9C-492B-B3AF-99CD6C0A87E1}"
EndProject
Project("{FAE04EC0-301F-11D3-BF4B-00C04F79EFBC}") = "Summator-Tests", "Summator-Tests\Summator-Tests.csproj", "{796CC3C7-7D6F-4B75-847E-50E22D7F67BE}"
EndProject
Global
	GlobalSection(SolutionConfigurationPlatforms) = preSolution
		Debug|Any CPU = Debug|Any CPU
		Release|Any CPU = Release|Any CPU
	EndGlobalSection
	GlobalSection(ProjectConfigurationPlatforms) = postSolution
		{294EEC5A-3B9C-492B-B3AF-99CD6C0A87E1}.Debug|Any CPU.ActiveCfg = Debug|Any CPU
		{294EEC5A-3B9C-492B-B3AF-99CD6C0A87E1}.Debug|Any CPU.Build.0 = Debug|Any CPU
		{294EEC5A-3B9C-492B-B3AF-99CD6C0A87E1}.Release|Any CPU.ActiveCfg = Release|Any CPU
		{294EEC5A-3B9C-492B-B3AF-99CD6C0A87E1}.Release|Any CPU.Build.0 = Release|Any CPU
		{796CC3C7-7D6F-4B75-847E-50E22D7F67BE}.Debug|Any CPU.ActiveCfg = Debug|Any CPU
		{796CC3C7-7D6F-4B75-847E-50E22D7F67BE}.Debug|Any CPU.Build.0 = Debug|Any CPU
		{796CC3C7-7D6F-4B75-847E-50E22D7F67BE}.Release|Any CPU.ActiveCfg = Release|Any CPU
		{796CC3C7-7D6F-4B75-847E-50E22D7F67BE}.Release|Any CPU.Build.0 = Release|Any CPU
	EndGlobalSection
	GlobalSection(SolutionProperties) = preSolution
		HideSolutionNode = FALSE
	EndGlobalSection
	GlobalSection(ExtensibilityGlobals) = postSolution
		SolutionGuid = {923A581C-64D7-46CC-99F9-63AB9ED1C29F}
	EndGlobalSection
EndGlobal
